
Microsoft Visual Studio Solution File, Format Version 12.00
# Visual Studio Version 16
VisualStudioVersion = 16.0.29215.179
MinimumVisualStudioVersion = 10.0.40219.1
Project("{9A19103F-16F7-4668-BE54-9A1E7A4F7556}") = "GreatwideApp.Domain", "GreatwideApp.Domain\GreatwideApp.Domain.csproj", "{ECD4AC0D-022A-4C5C-ACD4-29B659E84C76}"
EndProject
Project("{9A19103F-16F7-4668-BE54-9A1E7A4F7556}") = "GreatwideApp.Infrastructure", "GreatwideApp.Infrastructure\GreatwideApp.Infrastructure.csproj", "{C317AA97-3FA6-4A1E-B68A-75FE6C4173F3}"
EndProject
Project("{9A19103F-16F7-4668-BE54-9A1E7A4F7556}") = "GreatwideApp.UI", "GreatwideApp.UI\GreatwideApp.UI.csproj", "{775065E4-FBE1-4460-B0B9-2C4D5EEEC7BB}"
EndProject
Global
	GlobalSection(SolutionConfigurationPlatforms) = preSolution
		Debug|Any CPU = Debug|Any CPU
		Release|Any CPU = Release|Any CPU
	EndGlobalSection
	GlobalSection(ProjectConfigurationPlatforms) = postSolution
		{ECD4AC0D-022A-4C5C-ACD4-29B659E84C76}.Debug|Any CPU.ActiveCfg = Debug|Any CPU
		{ECD4AC0D-022A-4C5C-ACD4-29B659E84C76}.Debug|Any CPU.Build.0 = Debug|Any CPU
		{ECD4AC0D-022A-4C5C-ACD4-29B659E84C76}.Release|Any CPU.ActiveCfg = Release|Any CPU
		{ECD4AC0D-022A-4C5C-ACD4-29B659E84C76}.Release|Any CPU.Build.0 = Release|Any CPU
		{C317AA97-3FA6-4A1E-B68A-75FE6C4173F3}.Debug|Any CPU.ActiveCfg = Debug|Any CPU
		{C317AA97-3FA6-4A1E-B68A-75FE6C4173F3}.Debug|Any CPU.Build.0 = Debug|Any CPU
		{C317AA97-3FA6-4A1E-B68A-75FE6C4173F3}.Release|Any CPU.ActiveCfg = Release|Any CPU
		{C317AA97-3FA6-4A1E-B68A-75FE6C4173F3}.Release|Any CPU.Build.0 = Release|Any CPU
		{775065E4-FBE1-4460-B0B9-2C4D5EEEC7BB}.Debug|Any CPU.ActiveCfg = Debug|Any CPU
		{775065E4-FBE1-4460-B0B9-2C4D5EEEC7BB}.Debug|Any CPU.Build.0 = Debug|Any CPU
		{775065E4-FBE1-4460-B0B9-2C4D5EEEC7BB}.Release|Any CPU.ActiveCfg = Release|Any CPU
		{775065E4-FBE1-4460-B0B9-2C4D5EEEC7BB}.Release|Any CPU.Build.0 = Release|Any CPU
	EndGlobalSection
	GlobalSection(SolutionProperties) = preSolution
		HideSolutionNode = FALSE
	EndGlobalSection
	GlobalSection(ExtensibilityGlobals) = postSolution
		SolutionGuid = {FDB0090B-B3AE-4247-8A03-0E1EFC22F3D1}
	EndGlobalSection
EndGlobal
